<?xml version="1.0" encoding="utf-8"?>
<Project ToolsVersion="4.0" xmlns="http://schemas.microsoft.com/developer/msbuild/2003">
  <ItemGroup>
    <Filter Include="Source Files">
      <UniqueIdentifier>{39D6A4D6-23FA-4F03-A3D5-411EDDA78D8B}</UniqueIdentifier>
      <Extensions>cpp;c;cxx;cc</Extensions>
    </Filter>
    <Filter Include="Header Files">
      <UniqueIdentifier>{AA8861AF-7CE8-47B9-8F4D-4C2E1A34E6A3}</UniqueIdentifier>
      <Extensions>h;hpp;hh;hxx</Extensions>
    </Filter>
    <Filter Include="Tests">
      <UniqueIdentifier>{6ED23883-76C4-4A18-9F43-5D43E5A0E1BA}</UniqueIdentifier>
      <Extensions>cpp;c;cxx;cc</Extensions>
    </Filter>
  </ItemGroup>
  <ItemGroup>
    <ClCompile Include="src\src\dls2sf2.cpp">
      <Filter>Source Files</Filter>
    </ClCompile>
    <ClCompile Include="src\src\dls2sf2_internal.cpp">
      <Filter>Source Files</Filter>
    </ClCompile>
    <ClCompile Include="src\src\dls_parser.cpp">
      <Filter>Source Files</Filter>
    </ClCompile>
    <ClCompile Include="src\src\dls_converter.cpp">
      <Filter>Source Files</Filter>
    </ClCompile>
    <ClCompile Include="src\src\sf2_writer.cpp">
      <Filter>Source Files</Filter>
    </ClCompile>
    <ClCompile Include="test\test.cpp">
      <Filter>Tests</Filter>
    </ClCompile>
  </ItemGroup>
  <ItemGroup>
    <ClInclude Include="src\include\dls2sf2.hpp">
      <Filter>Header Files</Filter>
    </ClInclude>
    <ClInclude Include="src\src\dls2sf2_internal.hpp">
      <Filter>Header Files</Filter>
    </ClInclude>
  </ItemGroup>
</Project>
